
Microsoft Visual Studio Solution File, Format Version 12.00
# Visual Studio Version 17
VisualStudioVersion = 17.14.36202.13
MinimumVisualStudioVersion = 10.0.40219.1
Project("{FAE04EC0-301F-11D3-BF4B-00C04F79EFBC}") = "Stoiximen.API", "Stoiximen.API\Stoiximen.API.csproj", "{AC81BE62-475B-4691-9A32-AAC35398B750}"
EndProject
Project("{FAE04EC0-301F-11D3-BF4B-00C04F79EFBC}") = "Stoiximen.Domain", "Stoiximen.Domain\Stoiximen.Domain.csproj", "{754B45E9-8E43-405E-92A9-E1B26351DD07}"
EndProject
Project("{FAE04EC0-301F-11D3-BF4B-00C04F79EFBC}") = "Stoiximen.Infrastructure", "Stoiximen.Infrastructure\Stoiximen.Infrastructure.csproj", "{7E489C6F-572D-4B32-8844-F98E11103FA9}"
EndProject
Project("{FAE04EC0-301F-11D3-BF4B-00C04F79EFBC}") = "Stoiximen.Application", "Stoiximen.Application\Stoiximen.Application.csproj", "{ECDF0739-6A61-44CC-B3C6-7E4A19DCB4B7}"
EndProject
Global
	GlobalSection(SolutionConfigurationPlatforms) = preSolution
		Debug|Any CPU = Debug|Any CPU
		Release|Any CPU = Release|Any CPU
	EndGlobalSection
	GlobalSection(ProjectConfigurationPlatforms) = postSolution
		{AC81BE62-475B-4691-9A32-AAC35398B750}.Debug|Any CPU.ActiveCfg = Debug|Any CPU
		{AC81BE62-475B-4691-9A32-AAC35398B750}.Debug|Any CPU.Build.0 = Debug|Any CPU
		{AC81BE62-475B-4691-9A32-AAC35398B750}.Release|Any CPU.ActiveCfg = Release|Any CPU
		{AC81BE62-475B-4691-9A32-AAC35398B750}.Release|Any CPU.Build.0 = Release|Any CPU
		{754B45E9-8E43-405E-92A9-E1B26351DD07}.Debug|Any CPU.ActiveCfg = Debug|Any CPU
		{754B45E9-8E43-405E-92A9-E1B26351DD07}.Debug|Any CPU.Build.0 = Debug|Any CPU
		{754B45E9-8E43-405E-92A9-E1B26351DD07}.Release|Any CPU.ActiveCfg = Release|Any CPU
		{754B45E9-8E43-405E-92A9-E1B26351DD07}.Release|Any CPU.Build.0 = Release|Any CPU
		{7E489C6F-572D-4B32-8844-F98E11103FA9}.Debug|Any CPU.ActiveCfg = Debug|Any CPU
		{7E489C6F-572D-4B32-8844-F98E11103FA9}.Debug|Any CPU.Build.0 = Debug|Any CPU
		{7E489C6F-572D-4B32-8844-F98E11103FA9}.Release|Any CPU.ActiveCfg = Release|Any CPU
		{7E489C6F-572D-4B32-8844-F98E11103FA9}.Release|Any CPU.Build.0 = Release|Any CPU
		{ECDF0739-6A61-44CC-B3C6-7E4A19DCB4B7}.Debug|Any CPU.ActiveCfg = Debug|Any CPU
		{ECDF0739-6A61-44CC-B3C6-7E4A19DCB4B7}.Debug|Any CPU.Build.0 = Debug|Any CPU
		{ECDF0739-6A61-44CC-B3C6-7E4A19DCB4B7}.Release|Any CPU.ActiveCfg = Release|Any CPU
		{ECDF0739-6A61-44CC-B3C6-7E4A19DCB4B7}.Release|Any CPU.Build.0 = Release|Any CPU
	EndGlobalSection
	GlobalSection(SolutionProperties) = preSolution
		HideSolutionNode = FALSE
	EndGlobalSection
	GlobalSection(ExtensibilityGlobals) = postSolution
		SolutionGuid = {8BDDC3A6-4246-4566-BF5F-C2DC60585257}
	EndGlobalSection
EndGlobal
